
Microsoft Visual Studio Solution File, Format Version 12.00
# Visual Studio Version 16
VisualStudioVersion = 16.0.31105.61
MinimumVisualStudioVersion = 10.0.40219.1
Project("{9A19103F-16F7-4668-BE54-9A1E7A4F7556}") = "Scala.DBProg.Wpf", "Scala.DBProg.Wpf\Scala.DBProg.Wpf.csproj", "{FDCF84B8-5739-4BBF-A6F6-64C6653221FE}"
EndProject
Global
	GlobalSection(SolutionConfigurationPlatforms) = preSolution
		Debug|Any CPU = Debug|Any CPU
		Release|Any CPU = Release|Any CPU
	EndGlobalSection
	GlobalSection(ProjectConfigurationPlatforms) = postSolution
		{FDCF84B8-5739-4BBF-A6F6-64C6653221FE}.Debug|Any CPU.ActiveCfg = Debug|Any CPU
		{FDCF84B8-5739-4BBF-A6F6-64C6653221FE}.Debug|Any CPU.Build.0 = Debug|Any CPU
		{FDCF84B8-5739-4BBF-A6F6-64C6653221FE}.Release|Any CPU.ActiveCfg = Release|Any CPU
		{FDCF84B8-5739-4BBF-A6F6-64C6653221FE}.Release|Any CPU.Build.0 = Release|Any CPU
	EndGlobalSection
	GlobalSection(SolutionProperties) = preSolution
		HideSolutionNode = FALSE
	EndGlobalSection
	GlobalSection(ExtensibilityGlobals) = postSolution
		SolutionGuid = {7C1C12E2-8B3C-4CE8-B8CA-B2DB50C40ECA}
	EndGlobalSection
EndGlobal
